
Microsoft Visual Studio Solution File, Format Version 12.00
# Visual Studio Version 16
VisualStudioVersion = 16.0.29806.167
MinimumVisualStudioVersion = 10.0.40219.1
Project("{9A19103F-16F7-4668-BE54-9A1E7A4F7556}") = "Soccer.Common", "src\Soccer.Common\Soccer.Common.csproj", "{C2591CCB-5778-4147-A0D2-213DDE203957}"
EndProject
Project("{FAE04EC0-301F-11D3-BF4B-00C04F79EFBC}") = "Soccer.Web", "src\Soccer.Web\Soccer.Web.csproj", "{CEF77983-2D08-4AF3-998E-3B061556633F}"
EndProject
Project("{FAE04EC0-301F-11D3-BF4B-00C04F79EFBC}") = "Soccer.Prism", "src\Soccer.Prism\Soccer.Prism\Soccer.Prism.csproj", "{78F64560-2663-4C08-B1C8-C20436641325}"
EndProject
Project("{FAE04EC0-301F-11D3-BF4B-00C04F79EFBC}") = "Soccer.Prism.Android", "src\Soccer.Prism\Soccer.Prism.Android\Soccer.Prism.Android.csproj", "{443DB36F-CCDC-488D-99F2-C40040D190A3}"
EndProject
Project("{FAE04EC0-301F-11D3-BF4B-00C04F79EFBC}") = "Soccer.Prism.iOS", "src\Soccer.Prism\Soccer.Prism.iOS\Soccer.Prism.iOS.csproj", "{12A2D437-CF91-4B61-AB4F-F2E1EA53CFD4}"
EndProject
Project("{2150E333-8FDC-42A3-9474-1A3956D46DE8}") = "!Solution Items", "!Solution Items", "{EB5480D2-B826-4BC0-B3D1-A03868F438AC}"
	ProjectSection(SolutionItems) = preProject
		.gitignore = .gitignore
		LICENSE = LICENSE
		README.md = README.md
	EndProjectSection
EndProject
Project("{FAE04EC0-301F-11D3-BF4B-00C04F79EFBC}") = "Soccer.Cross.Android", "src\Soccer.Cross.Android\Soccer.Cross.Android.csproj", "{DFE02906-70B5-49EB-A89D-2F090732AA0A}"
EndProject
Project("{FAE04EC0-301F-11D3-BF4B-00C04F79EFBC}") = "Soccer.Cross.iOS", "src\Soccer.Cross.iOS\Soccer.Cross.iOS.csproj", "{28EF82FC-8316-40EF-8B96-20F706537DDB}"
EndProject
Project("{2150E333-8FDC-42A3-9474-1A3956D46DE8}") = "Cross", "Cross", "{7EB5EE6F-28B6-4442-B7FA-C7DB74D73B1A}"
EndProject
Project("{2150E333-8FDC-42A3-9474-1A3956D46DE8}") = "Prism", "Prism", "{93F58FD1-E506-401C-844B-013C4CF7FFDD}"
EndProject
Global
	GlobalSection(SolutionConfigurationPlatforms) = preSolution
		Ad-Hoc|Any CPU = Ad-Hoc|Any CPU
		Ad-Hoc|iPhone = Ad-Hoc|iPhone
		Ad-Hoc|iPhoneSimulator = Ad-Hoc|iPhoneSimulator
		AppStore|Any CPU = AppStore|Any CPU
		AppStore|iPhone = AppStore|iPhone
		AppStore|iPhoneSimulator = AppStore|iPhoneSimulator
		Debug|Any CPU = Debug|Any CPU
		Debug|iPhone = Debug|iPhone
		Debug|iPhoneSimulator = Debug|iPhoneSimulator
		Release|Any CPU = Release|Any CPU
		Release|iPhone = Release|iPhone
		Release|iPhoneSimulator = Release|iPhoneSimulator
	EndGlobalSection
	GlobalSection(ProjectConfigurationPlatforms) = postSolution
		{C2591CCB-5778-4147-A0D2-213DDE203957}.Ad-Hoc|Any CPU.ActiveCfg = Release|Any CPU
		{C2591CCB-5778-4147-A0D2-213DDE203957}.Ad-Hoc|Any CPU.Build.0 = Release|Any CPU
		{C2591CCB-5778-4147-A0D2-213DDE203957}.Ad-Hoc|iPhone.ActiveCfg = Release|Any CPU
		{C2591CCB-5778-4147-A0D2-213DDE203957}.Ad-Hoc|iPhone.Build.0 = Release|Any CPU
		{C2591CCB-5778-4147-A0D2-213DDE203957}.Ad-Hoc|iPhoneSimulator.ActiveCfg = Release|Any CPU
		{C2591CCB-5778-4147-A0D2-213DDE203957}.Ad-Hoc|iPhoneSimulator.Build.0 = Release|Any CPU
		{C2591CCB-5778-4147-A0D2-213DDE203957}.AppStore|Any CPU.ActiveCfg = Release|Any CPU
		{C2591CCB-5778-4147-A0D2-213DDE203957}.AppStore|Any CPU.Build.0 = Release|Any CPU
		{C2591CCB-5778-4147-A0D2-213DDE203957}.AppStore|iPhone.ActiveCfg = Release|Any CPU
		{C2591CCB-5778-4147-A0D2-213DDE203957}.AppStore|iPhone.Build.0 = Release|Any CPU
		{C2591CCB-5778-4147-A0D2-213DDE203957}.AppStore|iPhoneSimulator.ActiveCfg = Release|Any CPU
		{C2591CCB-5778-4147-A0D2-213DDE203957}.AppStore|iPhoneSimulator.Build.0 = Release|Any CPU
		{C2591CCB-5778-4147-A0D2-213DDE203957}.Debug|Any CPU.ActiveCfg = Debug|Any CPU
		{C2591CCB-5778-4147-A0D2-213DDE203957}.Debug|Any CPU.Build.0 = Debug|Any CPU
		{C2591CCB-5778-4147-A0D2-213DDE203957}.Debug|iPhone.ActiveCfg = Debug|Any CPU
		{C2591CCB-5778-4147-A0D2-213DDE203957}.Debug|iPhone.Build.0 = Debug|Any CPU
		{C2591CCB-5778-4147-A0D2-213DDE203957}.Debug|iPhoneSimulator.ActiveCfg = Debug|Any CPU
		{C2591CCB-5778-4147-A0D2-213DDE203957}.Debug|iPhoneSimulator.Build.0 = Debug|Any CPU
		{C2591CCB-5778-4147-A0D2-213DDE203957}.Release|Any CPU.ActiveCfg = Release|Any CPU
		{C2591CCB-5778-4147-A0D2-213DDE203957}.Release|Any CPU.Build.0 = Release|Any CPU
		{C2591CCB-5778-4147-A0D2-213DDE203957}.Release|iPhone.ActiveCfg = Release|Any CPU
		{C2591CCB-5778-4147-A0D2-213DDE203957}.Release|iPhone.Build.0 = Release|Any CPU
		{C2591CCB-5778-4147-A0D2-213DDE203957}.Release|iPhoneSimulator.ActiveCfg = Release|Any CPU
		{C2591CCB-5778-4147-A0D2-213DDE203957}.Release|iPhoneSimulator.Build.0 = Release|Any CPU
		{CEF77983-2D08-4AF3-998E-3B061556633F}.Ad-Hoc|Any CPU.ActiveCfg = Debug|Any CPU
		{CEF77983-2D08-4AF3-998E-3B061556633F}.Ad-Hoc|Any CPU.Build.0 = Debug|Any CPU
		{CEF77983-2D08-4AF3-998E-3B061556633F}.Ad-Hoc|iPhone.ActiveCfg = Debug|Any CPU
		{CEF77983-2D08-4AF3-998E-3B061556633F}.Ad-Hoc|iPhone.Build.0 = Debug|Any CPU
		{CEF77983-2D08-4AF3-998E-3B061556633F}.Ad-Hoc|iPhoneSimulator.ActiveCfg = Debug|Any CPU
		{CEF77983-2D08-4AF3-998E-3B061556633F}.Ad-Hoc|iPhoneSimulator.Build.0 = Debug|Any CPU
		{CEF77983-2D08-4AF3-998E-3B061556633F}.AppStore|Any CPU.ActiveCfg = Debug|Any CPU
		{CEF77983-2D08-4AF3-998E-3B061556633F}.AppStore|Any CPU.Build.0 = Debug|Any CPU
		{CEF77983-2D08-4AF3-998E-3B061556633F}.AppStore|iPhone.ActiveCfg = Debug|Any CPU
		{CEF77983-2D08-4AF3-998E-3B061556633F}.AppStore|iPhone.Build.0 = Debug|Any CPU
		{CEF77983-2D08-4AF3-998E-3B061556633F}.AppStore|iPhoneSimulator.ActiveCfg = Debug|Any CPU
		{CEF77983-2D08-4AF3-998E-3B061556633F}.AppStore|iPhoneSimulator.Build.0 = Debug|Any CPU
		{CEF77983-2D08-4AF3-998E-3B061556633F}.Debug|Any CPU.ActiveCfg = Debug|Any CPU
		{CEF77983-2D08-4AF3-998E-3B061556633F}.Debug|Any CPU.Build.0 = Debug|Any CPU
		{CEF77983-2D08-4AF3-998E-3B061556633F}.Debug|iPhone.ActiveCfg = Debug|Any CPU
		{CEF77983-2D08-4AF3-998E-3B061556633F}.Debug|iPhone.Build.0 = Debug|Any CPU
		{CEF77983-2D08-4AF3-998E-3B061556633F}.Debug|iPhoneSimulator.ActiveCfg = Debug|Any CPU
		{CEF77983-2D08-4AF3-998E-3B061556633F}.Debug|iPhoneSimulator.Build.0 = Debug|Any CPU
		{CEF77983-2D08-4AF3-998E-3B061556633F}.Release|Any CPU.ActiveCfg = Release|Any CPU
		{CEF77983-2D08-4AF3-998E-3B061556633F}.Release|Any CPU.Build.0 = Release|Any CPU
		{CEF77983-2D08-4AF3-998E-3B061556633F}.Release|iPhone.ActiveCfg = Release|Any CPU
		{CEF77983-2D08-4AF3-998E-3B061556633F}.Release|iPhone.Build.0 = Release|Any CPU
		{CEF77983-2D08-4AF3-998E-3B061556633F}.Release|iPhoneSimulator.ActiveCfg = Release|Any CPU
		{CEF77983-2D08-4AF3-998E-3B061556633F}.Release|iPhoneSimulator.Build.0 = Release|Any CPU
		{78F64560-2663-4C08-B1C8-C20436641325}.Ad-Hoc|Any CPU.ActiveCfg = Debug|Any CPU
		{78F64560-2663-4C08-B1C8-C20436641325}.Ad-Hoc|Any CPU.Build.0 = Debug|Any CPU
		{78F64560-2663-4C08-B1C8-C20436641325}.Ad-Hoc|iPhone.ActiveCfg = Debug|Any CPU
		{78F64560-2663-4C08-B1C8-C20436641325}.Ad-Hoc|iPhone.Build.0 = Debug|Any CPU
		{78F64560-2663-4C08-B1C8-C20436641325}.Ad-Hoc|iPhoneSimulator.ActiveCfg = Debug|Any CPU
		{78F64560-2663-4C08-B1C8-C20436641325}.Ad-Hoc|iPhoneSimulator.Build.0 = Debug|Any CPU
		{78F64560-2663-4C08-B1C8-C20436641325}.AppStore|Any CPU.ActiveCfg = Debug|Any CPU
		{78F64560-2663-4C08-B1C8-C20436641325}.AppStore|Any CPU.Build.0 = Debug|Any CPU
		{78F64560-2663-4C08-B1C8-C20436641325}.AppStore|iPhone.ActiveCfg = Debug|Any CPU
		{78F64560-2663-4C08-B1C8-C20436641325}.AppStore|iPhone.Build.0 = Debug|Any CPU
		{78F64560-2663-4C08-B1C8-C20436641325}.AppStore|iPhoneSimulator.ActiveCfg = Debug|Any CPU
		{78F64560-2663-4C08-B1C8-C20436641325}.AppStore|iPhoneSimulator.Build.0 = Debug|Any CPU
		{78F64560-2663-4C08-B1C8-C20436641325}.Debug|Any CPU.ActiveCfg = Debug|Any CPU
		{78F64560-2663-4C08-B1C8-C20436641325}.Debug|Any CPU.Build.0 = Debug|Any CPU
		{78F64560-2663-4C08-B1C8-C20436641325}.Debug|iPhone.ActiveCfg = Debug|Any CPU
		{78F64560-2663-4C08-B1C8-C20436641325}.Debug|iPhone.Build.0 = Debug|Any CPU
		{78F64560-2663-4C08-B1C8-C20436641325}.Debug|iPhoneSimulator.ActiveCfg = Debug|Any CPU
		{78F64560-2663-4C08-B1C8-C20436641325}.Debug|iPhoneSimulator.Build.0 = Debug|Any CPU
		{78F64560-2663-4C08-B1C8-C20436641325}.Release|Any CPU.ActiveCfg = Release|Any CPU
		{78F64560-2663-4C08-B1C8-C20436641325}.Release|Any CPU.Build.0 = Release|Any CPU
		{78F64560-2663-4C08-B1C8-C20436641325}.Release|iPhone.ActiveCfg = Release|Any CPU
		{78F64560-2663-4C08-B1C8-C20436641325}.Release|iPhone.Build.0 = Release|Any CPU
		{78F64560-2663-4C08-B1C8-C20436641325}.Release|iPhoneSimulator.ActiveCfg = Release|Any CPU
		{78F64560-2663-4C08-B1C8-C20436641325}.Release|iPhoneSimulator.Build.0 = Release|Any CPU
		{443DB36F-CCDC-488D-99F2-C40040D190A3}.Ad-Hoc|Any CPU.ActiveCfg = Release|Any CPU
		{443DB36F-CCDC-488D-99F2-C40040D190A3}.Ad-Hoc|Any CPU.Build.0 = Release|Any CPU
		{443DB36F-CCDC-488D-99F2-C40040D190A3}.Ad-Hoc|Any CPU.Deploy.0 = Release|Any CPU
		{443DB36F-CCDC-488D-99F2-C40040D190A3}.Ad-Hoc|iPhone.ActiveCfg = Release|Any CPU
		{443DB36F-CCDC-488D-99F2-C40040D190A3}.Ad-Hoc|iPhone.Build.0 = Release|Any CPU
		{443DB36F-CCDC-488D-99F2-C40040D190A3}.Ad-Hoc|iPhone.Deploy.0 = Release|Any CPU
		{443DB36F-CCDC-488D-99F2-C40040D190A3}.Ad-Hoc|iPhoneSimulator.ActiveCfg = Release|Any CPU
		{443DB36F-CCDC-488D-99F2-C40040D190A3}.Ad-Hoc|iPhoneSimulator.Build.0 = Release|Any CPU
		{443DB36F-CCDC-488D-99F2-C40040D190A3}.Ad-Hoc|iPhoneSimulator.Deploy.0 = Release|Any CPU
		{443DB36F-CCDC-488D-99F2-C40040D190A3}.AppStore|Any CPU.ActiveCfg = Release|Any CPU
		{443DB36F-CCDC-488D-99F2-C40040D190A3}.AppStore|Any CPU.Build.0 = Release|Any CPU
		{443DB36F-CCDC-488D-99F2-C40040D190A3}.AppStore|Any CPU.Deploy.0 = Release|Any CPU
		{443DB36F-CCDC-488D-99F2-C40040D190A3}.AppStore|iPhone.ActiveCfg = Release|Any CPU
		{443DB36F-CCDC-488D-99F2-C40040D190A3}.AppStore|iPhone.Build.0 = Release|Any CPU
		{443DB36F-CCDC-488D-99F2-C40040D190A3}.AppStore|iPhone.Deploy.0 = Release|Any CPU
		{443DB36F-CCDC-488D-99F2-C40040D190A3}.AppStore|iPhoneSimulator.ActiveCfg = Release|Any CPU
		{443DB36F-CCDC-488D-99F2-C40040D190A3}.AppStore|iPhoneSimulator.Build.0 = Release|Any CPU
		{443DB36F-CCDC-488D-99F2-C40040D190A3}.AppStore|iPhoneSimulator.Deploy.0 = Release|Any CPU
		{443DB36F-CCDC-488D-99F2-C40040D190A3}.Debug|Any CPU.ActiveCfg = Debug|Any CPU
		{443DB36F-CCDC-488D-99F2-C40040D190A3}.Debug|Any CPU.Build.0 = Debug|Any CPU
		{443DB36F-CCDC-488D-99F2-C40040D190A3}.Debug|Any CPU.Deploy.0 = Debug|Any CPU
		{443DB36F-CCDC-488D-99F2-C40040D190A3}.Debug|iPhone.ActiveCfg = Debug|Any CPU
		{443DB36F-CCDC-488D-99F2-C40040D190A3}.Debug|iPhone.Build.0 = Debug|Any CPU
		{443DB36F-CCDC-488D-99F2-C40040D190A3}.Debug|iPhone.Deploy.0 = Debug|Any CPU
		{443DB36F-CCDC-488D-99F2-C40040D190A3}.Debug|iPhoneSimulator.ActiveCfg = Debug|Any CPU
		{443DB36F-CCDC-488D-99F2-C40040D190A3}.Debug|iPhoneSimulator.Build.0 = Debug|Any CPU
		{443DB36F-CCDC-488D-99F2-C40040D190A3}.Debug|iPhoneSimulator.Deploy.0 = Debug|Any CPU
		{443DB36F-CCDC-488D-99F2-C40040D190A3}.Release|Any CPU.ActiveCfg = Release|Any CPU
		{443DB36F-CCDC-488D-99F2-C40040D190A3}.Release|Any CPU.Build.0 = Release|Any CPU
		{443DB36F-CCDC-488D-99F2-C40040D190A3}.Release|Any CPU.Deploy.0 = Release|Any CPU
		{443DB36F-CCDC-488D-99F2-C40040D190A3}.Release|iPhone.ActiveCfg = Release|Any CPU
		{443DB36F-CCDC-488D-99F2-C40040D190A3}.Release|iPhone.Build.0 = Release|Any CPU
		{443DB36F-CCDC-488D-99F2-C40040D190A3}.Release|iPhone.Deploy.0 = Release|Any CPU
		{443DB36F-CCDC-488D-99F2-C40040D190A3}.Release|iPhoneSimulator.ActiveCfg = Release|Any CPU
		{443DB36F-CCDC-488D-99F2-C40040D190A3}.Release|iPhoneSimulator.Build.0 = Release|Any CPU
		{443DB36F-CCDC-488D-99F2-C40040D190A3}.Release|iPhoneSimulator.Deploy.0 = Release|Any CPU
		{12A2D437-CF91-4B61-AB4F-F2E1EA53CFD4}.Ad-Hoc|Any CPU.ActiveCfg = Ad-Hoc|iPhone
		{12A2D437-CF91-4B61-AB4F-F2E1EA53CFD4}.Ad-Hoc|iPhone.ActiveCfg = Ad-Hoc|iPhone
		{12A2D437-CF91-4B61-AB4F-F2E1EA53CFD4}.Ad-Hoc|iPhone.Build.0 = Ad-Hoc|iPhone
		{12A2D437-CF91-4B61-AB4F-F2E1EA53CFD4}.Ad-Hoc|iPhoneSimulator.ActiveCfg = Ad-Hoc|iPhoneSimulator
		{12A2D437-CF91-4B61-AB4F-F2E1EA53CFD4}.Ad-Hoc|iPhoneSimulator.Build.0 = Ad-Hoc|iPhoneSimulator
		{12A2D437-CF91-4B61-AB4F-F2E1EA53CFD4}.AppStore|Any CPU.ActiveCfg = AppStore|iPhone
		{12A2D437-CF91-4B61-AB4F-F2E1EA53CFD4}.AppStore|iPhone.ActiveCfg = AppStore|iPhone
		{12A2D437-CF91-4B61-AB4F-F2E1EA53CFD4}.AppStore|iPhone.Build.0 = AppStore|iPhone
		{12A2D437-CF91-4B61-AB4F-F2E1EA53CFD4}.AppStore|iPhoneSimulator.ActiveCfg = AppStore|iPhoneSimulator
		{12A2D437-CF91-4B61-AB4F-F2E1EA53CFD4}.AppStore|iPhoneSimulator.Build.0 = AppStore|iPhoneSimulator
		{12A2D437-CF91-4B61-AB4F-F2E1EA53CFD4}.Debug|Any CPU.ActiveCfg = Debug|iPhone
		{12A2D437-CF91-4B61-AB4F-F2E1EA53CFD4}.Debug|iPhone.ActiveCfg = Debug|iPhone
		{12A2D437-CF91-4B61-AB4F-F2E1EA53CFD4}.Debug|iPhone.Build.0 = Debug|iPhone
		{12A2D437-CF91-4B61-AB4F-F2E1EA53CFD4}.Debug|iPhoneSimulator.ActiveCfg = Debug|iPhoneSimulator
		{12A2D437-CF91-4B61-AB4F-F2E1EA53CFD4}.Debug|iPhoneSimulator.Build.0 = Debug|iPhoneSimulator
		{12A2D437-CF91-4B61-AB4F-F2E1EA53CFD4}.Release|Any CPU.ActiveCfg = Release|iPhone
		{12A2D437-CF91-4B61-AB4F-F2E1EA53CFD4}.Release|iPhone.ActiveCfg = Release|iPhone
		{12A2D437-CF91-4B61-AB4F-F2E1EA53CFD4}.Release|iPhone.Build.0 = Release|iPhone
		{12A2D437-CF91-4B61-AB4F-F2E1EA53CFD4}.Release|iPhoneSimulator.ActiveCfg = Release|iPhoneSimulator
		{12A2D437-CF91-4B61-AB4F-F2E1EA53CFD4}.Release|iPhoneSimulator.Build.0 = Release|iPhoneSimulator
		{DFE02906-70B5-49EB-A89D-2F090732AA0A}.Ad-Hoc|Any CPU.ActiveCfg = Release|Any CPU
		{DFE02906-70B5-49EB-A89D-2F090732AA0A}.Ad-Hoc|Any CPU.Build.0 = Release|Any CPU
		{DFE02906-70B5-49EB-A89D-2F090732AA0A}.Ad-Hoc|Any CPU.Deploy.0 = Release|Any CPU
		{DFE02906-70B5-49EB-A89D-2F090732AA0A}.Ad-Hoc|iPhone.ActiveCfg = Release|Any CPU
		{DFE02906-70B5-49EB-A89D-2F090732AA0A}.Ad-Hoc|iPhone.Build.0 = Release|Any CPU
		{DFE02906-70B5-49EB-A89D-2F090732AA0A}.Ad-Hoc|iPhone.Deploy.0 = Release|Any CPU
		{DFE02906-70B5-49EB-A89D-2F090732AA0A}.Ad-Hoc|iPhoneSimulator.ActiveCfg = Release|Any CPU
		{DFE02906-70B5-49EB-A89D-2F090732AA0A}.Ad-Hoc|iPhoneSimulator.Build.0 = Release|Any CPU
		{DFE02906-70B5-49EB-A89D-2F090732AA0A}.Ad-Hoc|iPhoneSimulator.Deploy.0 = Release|Any CPU
		{DFE02906-70B5-49EB-A89D-2F090732AA0A}.AppStore|Any CPU.ActiveCfg = Release|Any CPU
		{DFE02906-70B5-49EB-A89D-2F090732AA0A}.AppStore|Any CPU.Build.0 = Release|Any CPU
		{DFE02906-70B5-49EB-A89D-2F090732AA0A}.AppStore|Any CPU.Deploy.0 = Release|Any CPU
		{DFE02906-70B5-49EB-A89D-2F090732AA0A}.AppStore|iPhone.ActiveCfg = Release|Any CPU
		{DFE02906-70B5-49EB-A89D-2F090732AA0A}.AppStore|iPhone.Build.0 = Release|Any CPU
		{DFE02906-70B5-49EB-A89D-2F090732AA0A}.AppStore|iPhone.Deploy.0 = Release|Any CPU
		{DFE02906-70B5-49EB-A89D-2F090732AA0A}.AppStore|iPhoneSimulator.ActiveCfg = Release|Any CPU
		{DFE02906-70B5-49EB-A89D-2F090732AA0A}.AppStore|iPhoneSimulator.Build.0 = Release|Any CPU
		{DFE02906-70B5-49EB-A89D-2F090732AA0A}.AppStore|iPhoneSimulator.Deploy.0 = Release|Any CPU
		{DFE02906-70B5-49EB-A89D-2F090732AA0A}.Debug|Any CPU.ActiveCfg = Debug|Any CPU
		{DFE02906-70B5-49EB-A89D-2F090732AA0A}.Debug|Any CPU.Build.0 = Debug|Any CPU
		{DFE02906-70B5-49EB-A89D-2F090732AA0A}.Debug|Any CPU.Deploy.0 = Debug|Any CPU
		{DFE02906-70B5-49EB-A89D-2F090732AA0A}.Debug|iPhone.ActiveCfg = Debug|Any CPU
		{DFE02906-70B5-49EB-A89D-2F090732AA0A}.Debug|iPhone.Build.0 = Debug|Any CPU
		{DFE02906-70B5-49EB-A89D-2F090732AA0A}.Debug|iPhone.Deploy.0 = Debug|Any CPU
		{DFE02906-70B5-49EB-A89D-2F090732AA0A}.Debug|iPhoneSimulator.ActiveCfg = Debug|Any CPU
		{DFE02906-70B5-49EB-A89D-2F090732AA0A}.Debug|iPhoneSimulator.Build.0 = Debug|Any CPU
		{DFE02906-70B5-49EB-A89D-2F090732AA0A}.Debug|iPhoneSimulator.Deploy.0 = Debug|Any CPU
		{DFE02906-70B5-49EB-A89D-2F090732AA0A}.Release|Any CPU.ActiveCfg = Release|Any CPU
		{DFE02906-70B5-49EB-A89D-2F090732AA0A}.Release|Any CPU.Build.0 = Release|Any CPU
		{DFE02906-70B5-49EB-A89D-2F090732AA0A}.Release|Any CPU.Deploy.0 = Release|Any CPU
		{DFE02906-70B5-49EB-A89D-2F090732AA0A}.Release|iPhone.ActiveCfg = Release|Any CPU
		{DFE02906-70B5-49EB-A89D-2F090732AA0A}.Release|iPhone.Build.0 = Release|Any CPU
		{DFE02906-70B5-49EB-A89D-2F090732AA0A}.Release|iPhone.Deploy.0 = Release|Any CPU
		{DFE02906-70B5-49EB-A89D-2F090732AA0A}.Release|iPhoneSimulator.ActiveCfg = Release|Any CPU
		{DFE02906-70B5-49EB-A89D-2F090732AA0A}.Release|iPhoneSimulator.Build.0 = Release|Any CPU
		{DFE02906-70B5-49EB-A89D-2F090732AA0A}.Release|iPhoneSimulator.Deploy.0 = Release|Any CPU
		{28EF82FC-8316-40EF-8B96-20F706537DDB}.Ad-Hoc|Any CPU.ActiveCfg = Release|iPhone
		{28EF82FC-8316-40EF-8B96-20F706537DDB}.Ad-Hoc|Any CPU.Build.0 = Release|iPhone
		{28EF82FC-8316-40EF-8B96-20F706537DDB}.Ad-Hoc|iPhone.ActiveCfg = Release|iPhone
		{28EF82FC-8316-40EF-8B96-20F706537DDB}.Ad-Hoc|iPhone.Build.0 = Release|iPhone
		{28EF82FC-8316-40EF-8B96-20F706537DDB}.Ad-Hoc|iPhoneSimulator.ActiveCfg = Release|iPhoneSimulator
		{28EF82FC-8316-40EF-8B96-20F706537DDB}.Ad-Hoc|iPhoneSimulator.Build.0 = Release|iPhoneSimulator
		{28EF82FC-8316-40EF-8B96-20F706537DDB}.AppStore|Any CPU.ActiveCfg = Release|iPhone
		{28EF82FC-8316-40EF-8B96-20F706537DDB}.AppStore|Any CPU.Build.0 = Release|iPhone
		{28EF82FC-8316-40EF-8B96-20F706537DDB}.AppStore|iPhone.ActiveCfg = Release|iPhone
		{28EF82FC-8316-40EF-8B96-20F706537DDB}.AppStore|iPhone.Build.0 = Release|iPhone
		{28EF82FC-8316-40EF-8B96-20F706537DDB}.AppStore|iPhoneSimulator.ActiveCfg = Release|iPhoneSimulator
		{28EF82FC-8316-40EF-8B96-20F706537DDB}.AppStore|iPhoneSimulator.Build.0 = Release|iPhoneSimulator
		{28EF82FC-8316-40EF-8B96-20F706537DDB}.Debug|Any CPU.ActiveCfg = Debug|iPhone
		{28EF82FC-8316-40EF-8B96-20F706537DDB}.Debug|iPhone.ActiveCfg = Debug|iPhone
		{28EF82FC-8316-40EF-8B96-20F706537DDB}.Debug|iPhone.Build.0 = Debug|iPhone
		{28EF82FC-8316-40EF-8B96-20F706537DDB}.Debug|iPhoneSimulator.ActiveCfg = Debug|iPhoneSimulator
		{28EF82FC-8316-40EF-8B96-20F706537DDB}.Debug|iPhoneSimulator.Build.0 = Debug|iPhoneSimulator
		{28EF82FC-8316-40EF-8B96-20F706537DDB}.Release|Any CPU.ActiveCfg = Release|iPhone
		{28EF82FC-8316-40EF-8B96-20F706537DDB}.Release|iPhone.ActiveCfg = Release|iPhone
		{28EF82FC-8316-40EF-8B96-20F706537DDB}.Release|iPhone.Build.0 = Release|iPhone
		{28EF82FC-8316-40EF-8B96-20F706537DDB}.Release|iPhoneSimulator.ActiveCfg = Release|iPhoneSimulator
		{28EF82FC-8316-40EF-8B96-20F706537DDB}.Release|iPhoneSimulator.Build.0 = Release|iPhoneSimulator
	EndGlobalSection
	GlobalSection(SolutionProperties) = preSolution
		HideSolutionNode = FALSE
	EndGlobalSection
	GlobalSection(NestedProjects) = preSolution
		{78F64560-2663-4C08-B1C8-C20436641325} = {93F58FD1-E506-401C-844B-013C4CF7FFDD}
		{443DB36F-CCDC-488D-99F2-C40040D190A3} = {93F58FD1-E506-401C-844B-013C4CF7FFDD}
		{12A2D437-CF91-4B61-AB4F-F2E1EA53CFD4} = {93F58FD1-E506-401C-844B-013C4CF7FFDD}
		{DFE02906-70B5-49EB-A89D-2F090732AA0A} = {7EB5EE6F-28B6-4442-B7FA-C7DB74D73B1A}
		{28EF82FC-8316-40EF-8B96-20F706537DDB} = {7EB5EE6F-28B6-4442-B7FA-C7DB74D73B1A}
	EndGlobalSection
	GlobalSection(ExtensibilityGlobals) = postSolution
		SolutionGuid = {F6EAAF31-D730-4AB1-A65D-E200CE044CFC}
	EndGlobalSection
EndGlobal
